PODS:
  - VehicleKeyboard-swift (1.0.7)

DEPENDENCIES:
  - VehicleKeyboard-swift (from `./`)

EXTERNAL SOURCES:
  VehicleKeyboard-swift:
    :path: "./"

SPEC CHECKSUMS:
  VehicleKeyboard-swift: 80c2e24358706345ed713fc42ad2eff596832092

PODFILE CHECKSUM: 89470af75c315e251b5b1610b6189adcffbb7002

COCOAPODS: 1.10.1
