PODS:
  - VehicleKeyboard-swift (0.9.2)

DEPENDENCIES:
  - VehicleKeyboard-swift (from `./`)

EXTERNAL SOURCES:
  VehicleKeyboard-swift:
    :path: "./"

SPEC CHECKSUMS:
  VehicleKeyboard-swift: b5126c7bcdfb7a79a7fb5c3dd8d1b00617789ad3

PODFILE CHECKSUM: 89470af75c315e251b5b1610b6189adcffbb7002

COCOAPODS: 1.8.4
